
Microsoft Visual Studio Solution File, Format Version 12.00
# Visual Studio 15
VisualStudioVersion = 15.0.28307.539
MinimumVisualStudioVersion = 10.0.40219.1
Project("{FAE04EC0-301F-11D3-BF4B-00C04F79EFBC}") = "CoreApp", "CoreApp\CoreApp.csproj", "{F5B9D681-5848-4F62-B40E-1DD81EBE8FBD}"
EndProject
Global
	GlobalSection(SolutionConfigurationPlatforms) = preSolution
		Debug|Any CPU = Debug|Any CPU
		Release|Any CPU = Release|Any CPU
	EndGlobalSection
	GlobalSection(ProjectConfigurationPlatforms) = postSolution
		{F5B9D681-5848-4F62-B40E-1DD81EBE8FBD}.Debug|Any CPU.ActiveCfg = Debug|Any CPU
		{F5B9D681-5848-4F62-B40E-1DD81EBE8FBD}.Debug|Any CPU.Build.0 = Debug|Any CPU
		{F5B9D681-5848-4F62-B40E-1DD81EBE8FBD}.Release|Any CPU.ActiveCfg = Release|Any CPU
		{F5B9D681-5848-4F62-B40E-1DD81EBE8FBD}.Release|Any CPU.Build.0 = Release|Any CPU
	EndGlobalSection
	GlobalSection(SolutionProperties) = preSolution
		HideSolutionNode = FALSE
	EndGlobalSection
	GlobalSection(ExtensibilityGlobals) = postSolution
		SolutionGuid = {895A5F54-A42A-4096-AD59-9F082F8D010D}
	EndGlobalSection
EndGlobal
