
Microsoft Visual Studio Solution File, Format Version 12.00
# Visual Studio 15
VisualStudioVersion = 15.0.28307.539
MinimumVisualStudioVersion = 10.0.40219.1
Project("{FAE04EC0-301F-11D3-BF4B-00C04F79EFBC}") = "DropFiles", "DropFiles\DropFiles.csproj", "{AB46A00A-6AD4-4B88-8CB1-F725DF3A3B86}"
EndProject
Global
	GlobalSection(SolutionConfigurationPlatforms) = preSolution
		Debug|Any CPU = Debug|Any CPU
		Release|Any CPU = Release|Any CPU
	EndGlobalSection
	GlobalSection(ProjectConfigurationPlatforms) = postSolution
		{AB46A00A-6AD4-4B88-8CB1-F725DF3A3B86}.Debug|Any CPU.ActiveCfg = Debug|Any CPU
		{AB46A00A-6AD4-4B88-8CB1-F725DF3A3B86}.Debug|Any CPU.Build.0 = Debug|Any CPU
		{AB46A00A-6AD4-4B88-8CB1-F725DF3A3B86}.Release|Any CPU.ActiveCfg = Release|Any CPU
		{AB46A00A-6AD4-4B88-8CB1-F725DF3A3B86}.Release|Any CPU.Build.0 = Release|Any CPU
	EndGlobalSection
	GlobalSection(SolutionProperties) = preSolution
		HideSolutionNode = FALSE
	EndGlobalSection
	GlobalSection(ExtensibilityGlobals) = postSolution
		SolutionGuid = {C06F0027-EB44-473B-A58F-ABD35987E9A0}
	EndGlobalSection
EndGlobal
